// !$*UTF8*$!
{
	archiveVersion = 1;
	classes = {
	};
	objectVersion = 46;
	objects = {

/* Begin PBXBuildFile section */
		5982D2971EF9FF79003CA549 /* RouteAnnotation.mm in Sources */ = {isa = PBXBuildFile; fileRef = 5982D2961EF9FF79003CA549 /* RouteAnnotation.mm */; };
		5982D29A1EF9FFA0003CA549 /* UIImage+Rotate.m in Sources */ = {isa = PBXBuildFile; fileRef = 5982D2991EF9FFA0003CA549 /* UIImage+Rotate.m */; };
		599672411EF7BFCB00E123E0 /* main.m in Sources */ = {isa = PBXBuildFile; fileRef = 599672401EF7BFCB00E123E0 /* main.m */; };
		599672441EF7BFCB00E123E0 /* AppDelegate.m in Sources */ = {isa = PBXBuildFile; fileRef = 599672431EF7BFCB00E123E0 /* AppDelegate.m */; };
		5996724A1EF7BFCB00E123E0 /* Main.storyboard in Resources */ = {isa = PBXBuildFile; fileRef = 599672481EF7BFCB00E123E0 /* Main.storyboard */; };
		5996724C1EF7BFCB00E123E0 /* Assets.xcassets in Resources */ = {isa = PBXBuildFile; fileRef = 5996724B1EF7BFCB00E123E0 /* Assets.xcassets */; };
		5996724F1EF7BFCB00E123E0 /* LaunchScreen.storyboard in Resources */ = {isa = PBXBuildFile; fileRef = 5996724D1EF7BFCB00E123E0 /* LaunchScreen.storyboard */; };
		5996725A1EF7BFCC00E123E0 /* BaiDuMapUITests.m in Sources */ = {isa = PBXBuildFile; fileRef = 599672591EF7BFCC00E123E0 /* BaiDuMapUITests.m */; };
		599672671EF7C06D00E123E0 /* MAPMianViewController.mm in Sources */ = {isa = PBXBuildFile; fileRef = 599672661EF7C06D00E123E0 /* MAPMianViewController.mm */; };
		5996726B1EF8C0BD00E123E0 /* MAPBottomView.m in Sources */ = {isa = PBXBuildFile; fileRef = 5996726A1EF8C0BD00E123E0 /* MAPBottomView.m */; };
		5FC341F02AD634977CA33580 /* libPods-BaiDuMap.a in Frameworks */ = {isa = PBXBuildFile; fileRef = 0FE38236EEE8204B68F5979F /* libPods-BaiDuMap.a */; };
/* End PBXBuildFile section */

/* Begin PBXContainerItemProxy section */
		599672561EF7BFCC00E123E0 /* PBXContainerItemProxy */ = {
			isa = PBXContainerItemProxy;
			containerPortal = 599672341EF7BFCB00E123E0 /* Project object */;
			proxyType = 1;
			remoteGlobalIDString = 5996723B1EF7BFCB00E123E0;
			remoteInfo = BaiDuMap;
		};
/* End PBXContainerItemProxy section */

/* Begin PBXFileReference section */
		00EAFC8D97F8CEBB3526B528 /* Pods-BaiDuMap.debug.xcconfig */ = {isa = PBXFileReference; includeInIndex = 1; lastKnownFileType = text.xcconfig; name = "Pods-BaiDuMap.debug.xcconfig"; path = "Pods/Target Support Files/Pods-BaiDuMap/Pods-BaiDuMap.debug.xcconfig"; sourceTree = "<group>"; };
		0FE38236EEE8204B68F5979F /* libPods-BaiDuMap.a */ = {isa = PBXFileReference; explicitFileType = archive.ar; includeInIndex = 0; path = "libPods-BaiDuMap.a"; sourceTree = BUILT_PRODUCTS_DIR; };
		5982D2951EF9FF79003CA549 /* RouteAnnotation.h */ = {isa = PBXFileReference; fileEncoding = 4; lastKnownFileType = sourcecode.c.h; path = RouteAnnotation.h; sourceTree = "<group>"; };
		5982D2961EF9FF79003CA549 /* RouteAnnotation.mm */ = {isa = PBXFileReference; fileEncoding = 4; lastKnownFileType = sourcecode.cpp.objcpp; path = RouteAnnotation.mm; sourceTree = "<group>"; };
		5982D2981EF9FFA0003CA549 /* UIImage+Rotate.h */ = {isa = PBXFileReference; fileEncoding = 4; lastKnownFileType = sourcecode.c.h; path = "UIImage+Rotate.h"; sourceTree = "<group>"; };
		5982D2991EF9FFA0003CA549 /* UIImage+Rotate.m */ = {isa = PBXFileReference; fileEncoding = 4; lastKnownFileType = sourcecode.c.objc; path = "UIImage+Rotate.m"; sourceTree = "<group>"; };
		5996723C1EF7BFCB00E123E0 /* BaiDuMap.app */ = {isa = PBXFileReference; explicitFileType = wrapper.application; includeInIndex = 0; path = BaiDuMap.app; sourceTree = BUILT_PRODUCTS_DIR; };
		599672401EF7BFCB00E123E0 /* main.m */ = {isa = PBXFileReference; lastKnownFileType = sourcecode.c.objc; path = main.m; sourceTree = "<group>"; };
		599672421EF7BFCB00E123E0 /* AppDelegate.h */ = {isa = PBXFileReference; lastKnownFileType = sourcecode.c.h; path = AppDelegate.h; sourceTree = "<group>"; };
		599672431EF7BFCB00E123E0 /* AppDelegate.m */ = {isa = PBXFileReference; lastKnownFileType = sourcecode.c.objc; path = AppDelegate.m; sourceTree = "<group>"; };
		599672491EF7BFCB00E123E0 /* Base */ = {isa = PBXFileReference; lastKnownFileType = file.storyboard; name = Base; path = Base.lproj/Main.storyboard; sourceTree = "<group>"; };
		5996724B1EF7BFCB00E123E0 /* Assets.xcassets */ = {isa = PBXFileReference; lastKnownFileType = folder.assetcatalog; path = Assets.xcassets; sourceTree = "<group>"; };
		5996724E1EF7BFCB00E123E0 /* Base */ = {isa = PBXFileReference; lastKnownFileType = file.storyboard; name = Base; path = Base.lproj/LaunchScreen.storyboard; sourceTree = "<group>"; };
		599672501EF7BFCB00E123E0 /* Info.plist */ = {isa = PBXFileReference; lastKnownFileType = text.plist.xml; path = Info.plist; sourceTree = "<group>"; };
		599672551EF7BFCC00E123E0 /* BaiDuMapUITests.xctest */ = {isa = PBXFileReference; explicitFileType = wrapper.cfbundle; includeInIndex = 0; path = BaiDuMapUITests.xctest; sourceTree = BUILT_PRODUCTS_DIR; };
		599672591EF7BFCC00E123E0 /* BaiDuMapUITests.m */ = {isa = PBXFileReference; lastKnownFileType = sourcecode.c.objc; path = BaiDuMapUITests.m; sourceTree = "<group>"; };
		5996725B1EF7BFCC00E123E0 /* Info.plist */ = {isa = PBXFileReference; lastKnownFileType = text.plist.xml; path = Info.plist; sourceTree = "<group>"; };
		599672641EF7C04100E123E0 /* BDMap_PrefixHeader.pch */ = {isa = PBXFileReference; lastKnownFileType = sourcecode.c.h; path = BDMap_PrefixHeader.pch; sourceTree = "<group>"; };
		599672651EF7C06D00E123E0 /* MAPMianViewController.h */ = {isa = PBXFileReference; fileEncoding = 4; lastKnownFileType = sourcecode.c.h; path = MAPMianViewController.h; sourceTree = "<group>"; };
		599672661EF7C06D00E123E0 /* MAPMianViewController.mm */ = {isa = PBXFileReference; fileEncoding = 4; lastKnownFileType = sourcecode.cpp.objcpp; path = MAPMianViewController.mm; sourceTree = "<group>"; };
		599672681EF7CC1000E123E0 /* MAPDefine.h */ = {isa = PBXFileReference; lastKnownFileType = sourcecode.c.h; path = MAPDefine.h; sourceTree = "<group>"; };
		599672691EF8C0BD00E123E0 /* MAPBottomView.h */ = {isa = PBXFileReference; fileEncoding = 4; lastKnownFileType = sourcecode.c.h; path = MAPBottomView.h; sourceTree = "<group>"; };
		5996726A1EF8C0BD00E123E0 /* MAPBottomView.m */ = {isa = PBXFileReference; fileEncoding = 4; lastKnownFileType = sourcecode.c.objc; path = MAPBottomView.m; sourceTree = "<group>"; };
		C2B14CEB62856889672E508A /* Pods-BaiDuMap.release.xcconfig */ = {isa = PBXFileReference; includeInIndex = 1; lastKnownFileType = text.xcconfig; name = "Pods-BaiDuMap.release.xcconfig"; path = "Pods/Target Support Files/Pods-BaiDuMap/Pods-BaiDuMap.release.xcconfig"; sourceTree = "<group>"; };
/* End PBXFileReference section */

/* Begin PBXFrameworksBuildPhase section */
		599672391EF7BFCB00E123E0 /* Frameworks */ = {
			isa = PBXFrameworksBuildPhase;
			buildActionMask = 2147483647;
			files = (
				5FC341F02AD634977CA33580 /* libPods-BaiDuMap.a in Frameworks */,
			);
			runOnlyForDeploymentPostprocessing = 0;
		};
		599672521EF7BFCC00E123E0 /* Frameworks */ = {
			isa = PBXFrameworksBuildPhase;
			buildActionMask = 2147483647;
			files = (
			);
			runOnlyForDeploymentPostprocessing = 0;
		};
/* End PBXFrameworksBuildPhase section */

/* Begin PBXGroup section */
		599672331EF7BFCB00E123E0 = {
			isa = PBXGroup;
			children = (
				5996723E1EF7BFCB00E123E0 /* BaiDuMap */,
				599672581EF7BFCC00E123E0 /* BaiDuMapUITests */,
				5996723D1EF7BFCB00E123E0 /* Products */,
				634C03F84353501916FEA2B2 /* Pods */,
				AE30F35479A3A5487104A554 /* Frameworks */,
			);
			sourceTree = "<group>";
		};
		5996723D1EF7BFCB00E123E0 /* Products */ = {
			isa = PBXGroup;
			children = (
				5996723C1EF7BFCB00E123E0 /* BaiDuMap.app */,
				599672551EF7BFCC00E123E0 /* BaiDuMapUITests.xctest */,
			);
			name = Products;
			sourceTree = "<group>";
		};
		5996723E1EF7BFCB00E123E0 /* BaiDuMap */ = {
			isa = PBXGroup;
			children = (
				599672421EF7BFCB00E123E0 /* AppDelegate.h */,
				599672431EF7BFCB00E123E0 /* AppDelegate.m */,
				599672651EF7C06D00E123E0 /* MAPMianViewController.h */,
				599672661EF7C06D00E123E0 /* MAPMianViewController.mm */,
				599672481EF7BFCB00E123E0 /* Main.storyboard */,
				599672691EF8C0BD00E123E0 /* MAPBottomView.h */,
				5996726A1EF8C0BD00E123E0 /* MAPBottomView.m */,
				5982D2951EF9FF79003CA549 /* RouteAnnotation.h */,
				5982D2961EF9FF79003CA549 /* RouteAnnotation.mm */,
				5982D2981EF9FFA0003CA549 /* UIImage+Rotate.h */,
				5982D2991EF9FFA0003CA549 /* UIImage+Rotate.m */,
				5996724B1EF7BFCB00E123E0 /* Assets.xcassets */,
				5996724D1EF7BFCB00E123E0 /* LaunchScreen.storyboard */,
				599672501EF7BFCB00E123E0 /* Info.plist */,
				5996723F1EF7BFCB00E123E0 /* Supporting Files */,
				599672641EF7C04100E123E0 /* BDMap_PrefixHeader.pch */,
				599672681EF7CC1000E123E0 /* MAPDefine.h */,
			);
			path = BaiDuMap;
			sourceTree = "<group>";
		};
		5996723F1EF7BFCB00E123E0 /* Supporting Files */ = {
			isa = PBXGroup;
			children = (
				599672401EF7BFCB00E123E0 /* main.m */,
			);
			name = "Supporting Files";
			sourceTree = "<group>";
		};
		599672581EF7BFCC00E123E0 /* BaiDuMapUITests */ = {
			isa = PBXGroup;
			children = (
				599672591EF7BFCC00E123E0 /* BaiDuMapUITests.m */,
				5996725B1EF7BFCC00E123E0 /* Info.plist */,
			);
			path = BaiDuMapUITests;
			sourceTree = "<group>";
		};
		634C03F84353501916FEA2B2 /* Pods */ = {
			isa = PBXGroup;
			children = (
				00EAFC8D97F8CEBB3526B528 /* Pods-BaiDuMap.debug.xcconfig */,
				C2B14CEB62856889672E508A /* Pods-BaiDuMap.release.xcconfig */,
			);
			name = Pods;
			sourceTree = "<group>";
		};
		AE30F35479A3A5487104A554 /* Frameworks */ = {
			isa = PBXGroup;
			children = (
				0FE38236EEE8204B68F5979F /* libPods-BaiDuMap.a */,
			);
			name = Frameworks;
			sourceTree = "<group>";
		};
/* End PBXGroup section */

/* Begin PBXNativeTarget section */
		5996723B1EF7BFCB00E123E0 /* BaiDuMap */ = {
			isa = PBXNativeTarget;
			buildConfigurationList = 5996725E1EF7BFCC00E123E0 /* Build configuration list for PBXNativeTarget "BaiDuMap" */;
			buildPhases = (
				6030A1FEE885774F210300C7 /* [CP] Check Pods Manifest.lock */,
				599672381EF7BFCB00E123E0 /* Sources */,
				599672391EF7BFCB00E123E0 /* Frameworks */,
				5996723A1EF7BFCB00E123E0 /* Resources */,
				084FA5600A7A02BA30AE56AC /* [CP] Embed Pods Frameworks */,
				DC4F1DDAB9D409E0500D49FD /* [CP] Copy Pods Resources */,
			);
			buildRules = (
			);
			dependencies = (
			);
			name = BaiDuMap;
			productName = BaiDuMap;
			productReference = 5996723C1EF7BFCB00E123E0 /* BaiDuMap.app */;
			productType = "com.apple.product-type.application";
		};
		599672541EF7BFCC00E123E0 /* BaiDuMapUITests */ = {
			isa = PBXNativeTarget;
			buildConfigurationList = 599672611EF7BFCC00E123E0 /* Build configuration list for PBXNativeTarget "BaiDuMapUITests" */;
			buildPhases = (
				599672511EF7BFCC00E123E0 /* Sources */,
				599672521EF7BFCC00E123E0 /* Frameworks */,
				599672531EF7BFCC00E123E0 /* Resources */,
			);
			buildRules = (
			);
			dependencies = (
				599672571EF7BFCC00E123E0 /* PBXTargetDependency */,
			);
			name = BaiDuMapUITests;
			productName = BaiDuMapUITests;
			productReference = 599672551EF7BFCC00E123E0 /* BaiDuMapUITests.xctest */;
			productType = "com.apple.product-type.bundle.ui-testing";
		};
/* End PBXNativeTarget section */

/* Begin PBXProject section */
		599672341EF7BFCB00E123E0 /* Project object */ = {
			isa = PBXProject;
			attributes = {
				CLASSPREFIX = MAP;
				LastUpgradeCheck = 0830;
				ORGANIZATIONNAME = Rookie.YXiang;
				TargetAttributes = {
					5996723B1EF7BFCB00E123E0 = {
						CreatedOnToolsVersion = 8.3.2;
						DevelopmentTeam = L45JUB5DDU;
						ProvisioningStyle = Automatic;
					};
					599672541EF7BFCC00E123E0 = {
						CreatedOnToolsVersion = 8.3.2;
						ProvisioningStyle = Automatic;
						TestTargetID = 5996723B1EF7BFCB00E123E0;
					};
				};
			};
			buildConfigurationList = 599672371EF7BFCB00E123E0 /* Build configuration list for PBXProject "BaiDuMap" */;
			compatibilityVersion = "Xcode 3.2";
			developmentRegion = English;
			hasScannedForEncodings = 0;
			knownRegions = (
				en,
				Base,
			);
			mainGroup = 599672331EF7BFCB00E123E0;
			productRefGroup = 5996723D1EF7BFCB00E123E0 /* Products */;
			projectDirPath = "";
			projectRoot = "";
			targets = (
				5996723B1EF7BFCB00E123E0 /* BaiDuMap */,
				599672541EF7BFCC00E123E0 /* BaiDuMapUITests */,
			);
		};
/* End PBXProject section */

/* Begin PBXResourcesBuildPhase section */
		5996723A1EF7BFCB00E123E0 /* Resources */ = {
			isa = PBXResourcesBuildPhase;
			buildActionMask = 2147483647;
			files = (
				5996724F1EF7BFCB00E123E0 /* LaunchScreen.storyboard in Resources */,
				5996724C1EF7BFCB00E123E0 /* Assets.xcassets in Resources */,
				5996724A1EF7BFCB00E123E0 /* Main.storyboard in Resources */,
			);
			runOnlyForDeploymentPostprocessing = 0;
		};
		599672531EF7BFCC00E123E0 /* Resources */ = {
			isa = PBXResourcesBuildPhase;
			buildActionMask = 2147483647;
			files = (
			);
			runOnlyForDeploymentPostprocessing = 0;
		};
/* End PBXResourcesBuildPhase section */

/* Begin PBXShellScriptBuildPhase section */
		084FA5600A7A02BA30AE56AC /* [CP] Embed Pods Frameworks */ = {
			isa = PBXShellScriptBuildPhase;
			buildActionMask = 2147483647;
			files = (
			);
			inputPaths = (
			);
			name = "[CP] Embed Pods Frameworks";
			outputPaths = (
			);
			runOnlyForDeploymentPostprocessing = 0;
			shellPath = /bin/sh;
			shellScript = "\"${SRCROOT}/Pods/Target Support Files/Pods-BaiDuMap/Pods-BaiDuMap-frameworks.sh\"\n";
			showEnvVarsInLog = 0;
		};
		6030A1FEE885774F210300C7 /* [CP] Check Pods Manifest.lock */ = {
			isa = PBXShellScriptBuildPhase;
			buildActionMask = 2147483647;
			files = (
			);
			inputPaths = (
			);
			name = "[CP] Check Pods Manifest.lock";
			outputPaths = (
			);
			runOnlyForDeploymentPostprocessing = 0;
			shellPath = /bin/sh;
			shellScript = "diff \"${PODS_ROOT}/../Podfile.lock\" \"${PODS_ROOT}/Manifest.lock\" > /dev/null\nif [ $? != 0 ] ; then\n    # print error to STDERR\n    echo \"error: The sandbox is not in sync with the Podfile.lock. Run 'pod install' or update your CocoaPods installation.\" >&2\n    exit 1\nfi\n";
			showEnvVarsInLog = 0;
		};
		DC4F1DDAB9D409E0500D49FD /* [CP] Copy Pods Resources */ = {
			isa = PBXShellScriptBuildPhase;
			buildActionMask = 2147483647;
			files = (
			);
			inputPaths = (
			);
			name = "[CP] Copy Pods Resources";
			outputPaths = (
			);
			runOnlyForDeploymentPostprocessing = 0;
			shellPath = /bin/sh;
			shellScript = "\"${SRCROOT}/Pods/Target Support Files/Pods-BaiDuMap/Pods-BaiDuMap-resources.sh\"\n";
			showEnvVarsInLog = 0;
		};
/* End PBXShellScriptBuildPhase section */

/* Begin PBXSourcesBuildPhase section */
		599672381EF7BFCB00E123E0 /* Sources */ = {
			isa = PBXSourcesBuildPhase;
			buildActionMask = 2147483647;
			files = (
				5982D2971EF9FF79003CA549 /* RouteAnnotation.mm in Sources */,
				5996726B1EF8C0BD00E123E0 /* MAPBottomView.m in Sources */,
				5982D29A1EF9FFA0003CA549 /* UIImage+Rotate.m in Sources */,
				599672441EF7BFCB00E123E0 /* AppDelegate.m in Sources */,
				599672671EF7C06D00E123E0 /* MAPMianViewController.mm in Sources */,
				599672411EF7BFCB00E123E0 /* main.m in Sources */,
			);
			runOnlyForDeploymentPostprocessing = 0;
		};
		599672511EF7BFCC00E123E0 /* Sources */ = {
			isa = PBXSourcesBuildPhase;
			buildActionMask = 2147483647;
			files = (
				5996725A1EF7BFCC00E123E0 /* BaiDuMapUITests.m in Sources */,
			);
			runOnlyForDeploymentPostprocessing = 0;
		};
/* End PBXSourcesBuildPhase section */

/* Begin PBXTargetDependency section */
		599672571EF7BFCC00E123E0 /* PBXTargetDependency */ = {
			isa = PBXTargetDependency;
			target = 5996723B1EF7BFCB00E123E0 /* BaiDuMap */;
			targetProxy = 599672561EF7BFCC00E123E0 /* PBXContainerItemProxy */;
		};
/* End PBXTargetDependency section */

/* Begin PBXVariantGroup section */
		599672481EF7BFCB00E123E0 /* Main.storyboard */ = {
			isa = PBXVariantGroup;
			children = (
				599672491EF7BFCB00E123E0 /* Base */,
			);
			name = Main.storyboard;
			sourceTree = "<group>";
		};
		5996724D1EF7BFCB00E123E0 /* LaunchScreen.storyboard */ = {
			isa = PBXVariantGroup;
			children = (
				5996724E1EF7BFCB00E123E0 /* Base */,
			);
			name = LaunchScreen.storyboard;
			sourceTree = "<group>";
		};
/* End PBXVariantGroup section */

/* Begin XCBuildConfiguration section */
		5996725C1EF7BFCC00E123E0 /* Debug */ = {
			isa = XCBuildConfiguration;
			buildSettings = {
				ALWAYS_SEARCH_USER_PATHS = NO;
				CLANG_ANALYZER_NONNULL = YES;
				CLANG_ANALYZER_NUMBER_OBJECT_CONVERSION = YES_AGGRESSIVE;
				CLANG_CXX_LANGUAGE_STANDARD = "gnu++0x";
				CLANG_CXX_LIBRARY = "libc++";
				CLANG_ENABLE_MODULES = YES;
				CLANG_ENABLE_OBJC_ARC = YES;
				CLANG_WARN_BOOL_CONVERSION = YES;
				CLANG_WARN_CONSTANT_CONVERSION = YES;
				CLANG_WARN_DIRECT_OBJC_ISA_USAGE = YES_ERROR;
				CLANG_WARN_DOCUMENTATION_COMMENTS = YES;
				CLANG_WARN_EMPTY_BODY = YES;
				CLANG_WARN_ENUM_CONVERSION = YES;
				CLANG_WARN_INFINITE_RECURSION = YES;
				CLANG_WARN_INT_CONVERSION = YES;
				CLANG_WARN_OBJC_ROOT_CLASS = YES_ERROR;
				CLANG_WARN_SUSPICIOUS_MOVE = YES;
				CLANG_WARN_UNREACHABLE_CODE = YES;
				CLANG_WARN__DUPLICATE_METHOD_MATCH = YES;
				"CODE_SIGN_IDENTITY[sdk=iphoneos*]" = "iPhone Developer";
				COPY_PHASE_STRIP = NO;
				DEBUG_INFORMATION_FORMAT = dwarf;
				ENABLE_STRICT_OBJC_MSGSEND = YES;
				ENABLE_TESTABILITY = YES;
				GCC_C_LANGUAGE_STANDARD = gnu99;
				GCC_DYNAMIC_NO_PIC = NO;
				GCC_NO_COMMON_BLOCKS = YES;
				GCC_OPTIMIZATION_LEVEL = 0;
				GCC_PREPROCESSOR_DEFINITIONS = (
					"DEBUG=1",
					"$(inherited)",
				);
				GCC_WARN_64_TO_32_BIT_CONVERSION = YES;
				GCC_WARN_ABOUT_RETURN_TYPE = YES_ERROR;
				GCC_WARN_UNDECLARED_SELECTOR = YES;
				GCC_WARN_UNINITIALIZED_AUTOS = YES_AGGRESSIVE;
				GCC_WARN_UNUSED_FUNCTION = YES;
				GCC_WARN_UNUSED_VARIABLE = YES;
				IPHONEOS_DEPLOYMENT_TARGET = 10.3;
				MTL_ENABLE_DEBUG_INFO = YES;
				ONLY_ACTIVE_ARCH = YES;
				SDKROOT = iphoneos;
			};
			name = Debug;
		};
		5996725D1EF7BFCC00E123E0 /* Release */ = {
			isa = XCBuildConfiguration;
			buildSettings = {
				ALWAYS_SEARCH_USER_PATHS = NO;
				CLANG_ANALYZER_NONNULL = YES;
				CLANG_ANALYZER_NUMBER_OBJECT_CONVERSION = YES_AGGRESSIVE;
				CLANG_CXX_LANGUAGE_STANDARD = "gnu++0x";
				CLANG_CXX_LIBRARY = "libc++";
				CLANG_ENABLE_MODULES = YES;
				CLANG_ENABLE_OBJC_ARC = YES;
				CLANG_WARN_BOOL_CONVERSION = YES;
				CLANG_WARN_CONSTANT_CONVERSION = YES;
				CLANG_WARN_DIRECT_OBJC_ISA_USAGE = YES_ERROR;
				CLANG_WARN_DOCUMENTATION_COMMENTS = YES;
				CLANG_WARN_EMPTY_BODY = YES;
				CLANG_WARN_ENUM_CONVERSION = YES;
				CLANG_WARN_INFINITE_RECURSION = YES;
				CLANG_WARN_INT_CONVERSION = YES;
				CLANG_WARN_OBJC_ROOT_CLASS = YES_ERROR;
				CLANG_WARN_SUSPICIOUS_MOVE = YES;
				CLANG_WARN_UNREACHABLE_CODE = YES;
				CLANG_WARN__DUPLICATE_METHOD_MATCH = YES;
				"CODE_SIGN_IDENTITY[sdk=iphoneos*]" = "iPhone Developer";
				COPY_PHASE_STRIP = NO;
				DEBUG_INFORMATION_FORMAT = "dwarf-with-dsym";
				ENABLE_NS_ASSERTIONS = NO;
				ENABLE_STRICT_OBJC_MSGSEND = YES;
				GCC_C_LANGUAGE_STANDARD = gnu99;
				GCC_NO_COMMON_BLOCKS = YES;
				GCC_WARN_64_TO_32_BIT_CONVERSION = YES;
				GCC_WARN_ABOUT_RETURN_TYPE = YES_ERROR;
				GCC_WARN_UNDECLARED_SELECTOR = YES;
				GCC_WARN_UNINITIALIZED_AUTOS = YES_AGGRESSIVE;
				GCC_WARN_UNUSED_FUNCTION = YES;
				GCC_WARN_UNUSED_VARIABLE = YES;
				IPHONEOS_DEPLOYMENT_TARGET = 10.3;
				MTL_ENABLE_DEBUG_INFO = NO;
				SDKROOT = iphoneos;
				VALIDATE_PRODUCT = YES;
			};
			name = Release;
		};
		5996725F1EF7BFCC00E123E0 /* Debug */ = {
			isa = XCBuildConfiguration;
			baseConfigurationReference = 00EAFC8D97F8CEBB3526B528 /* Pods-BaiDuMap.debug.xcconfig */;
			buildSettings = {
				ASSETCATALOG_COMPILER_APPICON_NAME = AppIcon;
				DEVELOPMENT_TEAM = L45JUB5DDU;
				GCC_PREFIX_HEADER = BaiDuMap/BDMap_PrefixHeader.pch;
				INFOPLIST_FILE = BaiDuMap/Info.plist;
				LD_RUNPATH_SEARCH_PATHS = "$(inherited) @executable_path/Frameworks";
				PRODUCT_BUNDLE_IDENTIFIER = Rookie.YXiang.BaiDuMap;
				PRODUCT_NAME = "$(TARGET_NAME)";
			};
			name = Debug;
		};
		599672601EF7BFCC00E123E0 /* Release */ = {
			isa = XCBuildConfiguration;
			baseConfigurationReference = C2B14CEB62856889672E508A /* Pods-BaiDuMap.release.xcconfig */;
			buildSettings = {
				ASSETCATALOG_COMPILER_APPICON_NAME = AppIcon;
				DEVELOPMENT_TEAM = L45JUB5DDU;
				GCC_PREFIX_HEADER = BaiDuMap/BDMap_PrefixHeader.pch;
				INFOPLIST_FILE = BaiDuMap/Info.plist;
				LD_RUNPATH_SEARCH_PATHS = "$(inherited) @executable_path/Frameworks";
				PRODUCT_BUNDLE_IDENTIFIER = Rookie.YXiang.BaiDuMap;
				PRODUCT_NAME = "$(TARGET_NAME)";
			};
			name = Release;
		};
		599672621EF7BFCC00E123E0 /* Debug */ = {
			isa = XCBuildConfiguration;
			buildSettings = {
				INFOPLIST_FILE = BaiDuMapUITests/Info.plist;
				LD_RUNPATH_SEARCH_PATHS = "$(inherited) @executable_path/Frameworks @loader_path/Frameworks";
				PRODUCT_BUNDLE_IDENTIFIER = Rookie.YXiang.BaiDuMapUITests;
				PRODUCT_NAME = "$(TARGET_NAME)";
				TEST_TARGET_NAME = BaiDuMap;
			};
			name = Debug;
		};
		599672631EF7BFCC00E123E0 /* Release */ = {
			isa = XCBuildConfiguration;
			buildSettings = {
				INFOPLIST_FILE = BaiDuMapUITests/Info.plist;
				LD_RUNPATH_SEARCH_PATHS = "$(inherited) @executable_path/Frameworks @loader_path/Frameworks";
				PRODUCT_BUNDLE_IDENTIFIER = Rookie.YXiang.BaiDuMapUITests;
				PRODUCT_NAME = "$(TARGET_NAME)";
				TEST_TARGET_NAME = BaiDuMap;
			};
			name = Release;
		};
/* End XCBuildConfiguration section */

/* Begin XCConfigurationList section */
		599672371EF7BFCB00E123E0 /* Build configuration list for PBXProject "BaiDuMap" */ = {
			isa = XCConfigurationList;
			buildConfigurations = (
				5996725C1EF7BFCC00E123E0 /* Debug */,
				5996725D1EF7BFCC00E123E0 /* Release */,
			);
			defaultConfigurationIsVisible = 0;
			defaultConfigurationName = Release;
		};
		5996725E1EF7BFCC00E123E0 /* Build configuration list for PBXNativeTarget "BaiDuMap" */ = {
			isa = XCConfigurationList;
			buildConfigurations = (
				5996725F1EF7BFCC00E123E0 /* Debug */,
				599672601EF7BFCC00E123E0 /* Release */,
			);
			defaultConfigurationIsVisible = 0;
			defaultConfigurationName = Release;
		};
		599672611EF7BFCC00E123E0 /* Build configuration list for PBXNativeTarget "BaiDuMapUITests" */ = {
			isa = XCConfigurationList;
			buildConfigurations = (
				599672621EF7BFCC00E123E0 /* Debug */,
				599672631EF7BFCC00E123E0 /* Release */,
			);
			defaultConfigurationIsVisible = 0;
			defaultConfigurationName = Release;
		};
/* End XCConfigurationList section */
	};
	rootObject = 599672341EF7BFCB00E123E0 /* Project object */;
}
